// !$*UTF8*$!
{
	archiveVersion = 1;
	classes = {
	};
	objectVersion = 56;
	objects = {

/* Begin PBXBuildFile section */
		71324DC82A4DBF340051C1A8 /* AppDelegate.swift in Sources */ = {isa = PBXBuildFile; fileRef = 71324DC72A4DBF340051C1A8 /* AppDelegate.swift */; };
		71324DCA2A4DBF340051C1A8 /* SceneDelegate.swift in Sources */ = {isa = PBXBuildFile; fileRef = 71324DC92A4DBF340051C1A8 /* SceneDelegate.swift */; };
		71324DCC2A4DBF340051C1A8 /* MainPageViewController.swift in Sources */ = {isa = PBXBuildFile; fileRef = 71324DCB2A4DBF340051C1A8 /* MainPageViewController.swift */; };
		71324DD12A4DBF370051C1A8 /* Assets.xcassets in Resources */ = {isa = PBXBuildFile; fileRef = 71324DD02A4DBF370051C1A8 /* Assets.xcassets */; };
		71324DD42A4DBF370051C1A8 /* LaunchScreen.storyboard in Resources */ = {isa = PBXBuildFile; fileRef = 71324DD22A4DBF370051C1A8 /* LaunchScreen.storyboard */; };
		71324DE12A4DCC010051C1A8 /* TabBarViewController.swift in Sources */ = {isa = PBXBuildFile; fileRef = 71324DE02A4DCC010051C1A8 /* TabBarViewController.swift */; };
		71324DE32A4DCCC80051C1A8 /* NewsPageViewController.swift in Sources */ = {isa = PBXBuildFile; fileRef = 71324DE22A4DCCC80051C1A8 /* NewsPageViewController.swift */; };
		71324DE52A4DCCD80051C1A8 /* SettingsPageViewController.swift in Sources */ = {isa = PBXBuildFile; fileRef = 71324DE42A4DCCD80051C1A8 /* SettingsPageViewController.swift */; };
		71324DE72A4DD3860051C1A8 /* NavigationBarController.swift in Sources */ = {isa = PBXBuildFile; fileRef = 71324DE62A4DD3860051C1A8 /* NavigationBarController.swift */; };
		71324DE92A4DD49A0051C1A8 /* BaseController.swift in Sources */ = {isa = PBXBuildFile; fileRef = 71324DE82A4DD49A0051C1A8 /* BaseController.swift */; };
		71324DEC2A4DEB530051C1A8 /* MainPageCollectionViewCell.swift in Sources */ = {isa = PBXBuildFile; fileRef = 71324DEB2A4DEB530051C1A8 /* MainPageCollectionViewCell.swift */; };
/* End PBXBuildFile section */

/* Begin PBXFileReference section */
		71324DC42A4DBF340051C1A8 /* WikiCars.app */ = {isa = PBXFileReference; explicitFileType = wrapper.application; includeInIndex = 0; path = WikiCars.app; sourceTree = BUILT_PRODUCTS_DIR; };
		71324DC72A4DBF340051C1A8 /* AppDelegate.swift */ = {isa = PBXFileReference; lastKnownFileType = sourcecode.swift; path = AppDelegate.swift; sourceTree = "<group>"; };
		71324DC92A4DBF340051C1A8 /* SceneDelegate.swift */ = {isa = PBXFileReference; lastKnownFileType = sourcecode.swift; path = SceneDelegate.swift; sourceTree = "<group>"; };
		71324DCB2A4DBF340051C1A8 /* MainPageViewController.swift */ = {isa = PBXFileReference; lastKnownFileType = sourcecode.swift; path = MainPageViewController.swift; sourceTree = "<group>"; };
		71324DD02A4DBF370051C1A8 /* Assets.xcassets */ = {isa = PBXFileReference; lastKnownFileType = folder.assetcatalog; path = Assets.xcassets; sourceTree = "<group>"; };
		71324DD32A4DBF370051C1A8 /* Base */ = {isa = PBXFileReference; lastKnownFileType = file.storyboard; name = Base; path = Base.lproj/LaunchScreen.storyboard; sourceTree = "<group>"; };
		71324DD52A4DBF370051C1A8 /* Info.plist */ = {isa = PBXFileReference; lastKnownFileType = text.plist.xml; path = Info.plist; sourceTree = "<group>"; };
		71324DE02A4DCC010051C1A8 /* TabBarViewController.swift */ = {isa = PBXFileReference; lastKnownFileType = sourcecode.swift; path = TabBarViewController.swift; sourceTree = "<group>"; };
		71324DE22A4DCCC80051C1A8 /* NewsPageViewController.swift */ = {isa = PBXFileReference; lastKnownFileType = sourcecode.swift; path = NewsPageViewController.swift; sourceTree = "<group>"; };
		71324DE42A4DCCD80051C1A8 /* SettingsPageViewController.swift */ = {isa = PBXFileReference; lastKnownFileType = sourcecode.swift; path = SettingsPageViewController.swift; sourceTree = "<group>"; };
		71324DE62A4DD3860051C1A8 /* NavigationBarController.swift */ = {isa = PBXFileReference; lastKnownFileType = sourcecode.swift; path = NavigationBarController.swift; sourceTree = "<group>"; };
		71324DE82A4DD49A0051C1A8 /* BaseController.swift */ = {isa = PBXFileReference; lastKnownFileType = sourcecode.swift; path = BaseController.swift; sourceTree = "<group>"; };
		71324DEB2A4DEB530051C1A8 /* MainPageCollectionViewCell.swift */ = {isa = PBXFileReference; lastKnownFileType = sourcecode.swift; path = MainPageCollectionViewCell.swift; sourceTree = "<group>"; };
/* End PBXFileReference section */

/* Begin PBXFrameworksBuildPhase section */
		71324DC12A4DBF340051C1A8 /* Frameworks */ = {
			isa = PBXFrameworksBuildPhase;
			buildActionMask = 2147483647;
			files = (
			);
			runOnlyForDeploymentPostprocessing = 0;
		};
/* End PBXFrameworksBuildPhase section */

/* Begin PBXGroup section */
		71324DBB2A4DBF340051C1A8 = {
			isa = PBXGroup;
			children = (
				71324DC62A4DBF340051C1A8 /* WikiCars */,
				71324DC52A4DBF340051C1A8 /* Products */,
			);
			sourceTree = "<group>";
		};
		71324DC52A4DBF340051C1A8 /* Products */ = {
			isa = PBXGroup;
			children = (
				71324DC42A4DBF340051C1A8 /* WikiCars.app */,
			);
			name = Products;
			sourceTree = "<group>";
		};
		71324DC62A4DBF340051C1A8 /* WikiCars */ = {
			isa = PBXGroup;
			children = (
				71324DDC2A4DBFBE0051C1A8 /* Application */,
				71324DDD2A4DBFFE0051C1A8 /* ViewControllers */,
				71324DDF2A4DCB9C0051C1A8 /* BaseController */,
				71324DDB2A4DBF850051C1A8 /* SupportingFiles */,
			);
			path = WikiCars;
			sourceTree = "<group>";
		};
		71324DDB2A4DBF850051C1A8 /* SupportingFiles */ = {
			isa = PBXGroup;
			children = (
				71324DD02A4DBF370051C1A8 /* Assets.xcassets */,
				71324DD22A4DBF370051C1A8 /* LaunchScreen.storyboard */,
				71324DD52A4DBF370051C1A8 /* Info.plist */,
			);
			path = SupportingFiles;
			sourceTree = "<group>";
		};
		71324DDC2A4DBFBE0051C1A8 /* Application */ = {
			isa = PBXGroup;
			children = (
				71324DC72A4DBF340051C1A8 /* AppDelegate.swift */,
				71324DC92A4DBF340051C1A8 /* SceneDelegate.swift */,
			);
			path = Application;
			sourceTree = "<group>";
		};
		71324DDD2A4DBFFE0051C1A8 /* ViewControllers */ = {
			isa = PBXGroup;
			children = (
				71324DEA2A4DEB360051C1A8 /* MainPage */,
				71324DE22A4DCCC80051C1A8 /* NewsPageViewController.swift */,
				71324DE42A4DCCD80051C1A8 /* SettingsPageViewController.swift */,
			);
			path = ViewControllers;
			sourceTree = "<group>";
		};
		71324DDF2A4DCB9C0051C1A8 /* BaseController */ = {
			isa = PBXGroup;
			children = (
				71324DE02A4DCC010051C1A8 /* TabBarViewController.swift */,
				71324DE62A4DD3860051C1A8 /* NavigationBarController.swift */,
				71324DE82A4DD49A0051C1A8 /* BaseController.swift */,
			);
			path = BaseController;
			sourceTree = "<group>";
		};
		71324DEA2A4DEB360051C1A8 /* MainPage */ = {
			isa = PBXGroup;
			children = (
				71324DCB2A4DBF340051C1A8 /* MainPageViewController.swift */,
				71324DEB2A4DEB530051C1A8 /* MainPageCollectionViewCell.swift */,
			);
			path = MainPage;
			sourceTree = "<group>";
		};
/* End PBXGroup section */

/* Begin PBXNativeTarget section */
		71324DC32A4DBF340051C1A8 /* WikiCars */ = {
			isa = PBXNativeTarget;
			buildConfigurationList = 71324DD82A4DBF370051C1A8 /* Build configuration list for PBXNativeTarget "WikiCars" */;
			buildPhases = (
				71324DC02A4DBF340051C1A8 /* Sources */,
				71324DC12A4DBF340051C1A8 /* Frameworks */,
				71324DC22A4DBF340051C1A8 /* Resources */,
			);
			buildRules = (
			);
			dependencies = (
			);
			name = WikiCars;
			productName = WikiCars;
			productReference = 71324DC42A4DBF340051C1A8 /* WikiCars.app */;
			productType = "com.apple.product-type.application";
		};
/* End PBXNativeTarget section */

/* Begin PBXProject section */
		71324DBC2A4DBF340051C1A8 /* Project object */ = {
			isa = PBXProject;
			attributes = {
				BuildIndependentTargetsInParallel = 1;
				LastSwiftUpdateCheck = 1420;
				LastUpgradeCheck = 1420;
				TargetAttributes = {
					71324DC32A4DBF340051C1A8 = {
						CreatedOnToolsVersion = 14.2;
					};
				};
			};
			buildConfigurationList = 71324DBF2A4DBF340051C1A8 /* Build configuration list for PBXProject "WikiCars" */;
			compatibilityVersion = "Xcode 14.0";
			developmentRegion = en;
			hasScannedForEncodings = 0;
			knownRegions = (
				en,
				Base,
			);
			mainGroup = 71324DBB2A4DBF340051C1A8;
			productRefGroup = 71324DC52A4DBF340051C1A8 /* Products */;
			projectDirPath = "";
			projectRoot = "";
			targets = (
				71324DC32A4DBF340051C1A8 /* WikiCars */,
			);
		};
/* End PBXProject section */

/* Begin PBXResourcesBuildPhase section */
		71324DC22A4DBF340051C1A8 /* Resources */ = {
			isa = PBXResourcesBuildPhase;
			buildActionMask = 2147483647;
			files = (
				71324DD42A4DBF370051C1A8 /* LaunchScreen.storyboard in Resources */,
				71324DD12A4DBF370051C1A8 /* Assets.xcassets in Resources */,
			);
			runOnlyForDeploymentPostprocessing = 0;
		};
/* End PBXResourcesBuildPhase section */

/* Begin PBXSourcesBuildPhase section */
		71324DC02A4DBF340051C1A8 /* Sources */ = {
			isa = PBXSourcesBuildPhase;
			buildActionMask = 2147483647;
			files = (
				71324DCC2A4DBF340051C1A8 /* MainPageViewController.swift in Sources */,
				71324DC82A4DBF340051C1A8 /* AppDelegate.swift in Sources */,
				71324DEC2A4DEB530051C1A8 /* MainPageCollectionViewCell.swift in Sources */,
				71324DE52A4DCCD80051C1A8 /* SettingsPageViewController.swift in Sources */,
				71324DE32A4DCCC80051C1A8 /* NewsPageViewController.swift in Sources */,
				71324DCA2A4DBF340051C1A8 /* SceneDelegate.swift in Sources */,
				71324DE72A4DD3860051C1A8 /* NavigationBarController.swift in Sources */,
				71324DE92A4DD49A0051C1A8 /* BaseController.swift in Sources */,
				71324DE12A4DCC010051C1A8 /* TabBarViewController.swift in Sources */,
			);
			runOnlyForDeploymentPostprocessing = 0;
		};
/* End PBXSourcesBuildPhase section */

/* Begin PBXVariantGroup section */
		71324DD22A4DBF370051C1A8 /* LaunchScreen.storyboard */ = {
			isa = PBXVariantGroup;
			children = (
				71324DD32A4DBF370051C1A8 /* Base */,
			);
			name = LaunchScreen.storyboard;
			sourceTree = "<group>";
		};
/* End PBXVariantGroup section */

/* Begin XCBuildConfiguration section */
		71324DD62A4DBF370051C1A8 /* Debug */ = {
			isa = XCBuildConfiguration;
			buildSettings = {
				ALWAYS_SEARCH_USER_PATHS = NO;
				CLANG_ANALYZER_NONNULL = YES;
				CLANG_ANALYZER_NUMBER_OBJECT_CONVERSION = YES_AGGRESSIVE;
				CLANG_CXX_LANGUAGE_STANDARD = "gnu++20";
				CLANG_ENABLE_MODULES = YES;
				CLANG_ENABLE_OBJC_ARC = YES;
				CLANG_ENABLE_OBJC_WEAK = YES;
				CLANG_WARN_BLOCK_CAPTURE_AUTORELEASING = YES;
				CLANG_WARN_BOOL_CONVERSION = YES;
				CLANG_WARN_COMMA = YES;
				CLANG_WARN_CONSTANT_CONVERSION = YES;
				CLANG_WARN_DEPRECATED_OBJC_IMPLEMENTATIONS = YES;
				CLANG_WARN_DIRECT_OBJC_ISA_USAGE = YES_ERROR;
				CLANG_WARN_DOCUMENTATION_COMMENTS = YES;
				CLANG_WARN_EMPTY_BODY = YES;
				CLANG_WARN_ENUM_CONVERSION = YES;
				CLANG_WARN_INFINITE_RECURSION = YES;
				CLANG_WARN_INT_CONVERSION = YES;
				CLANG_WARN_NON_LITERAL_NULL_CONVERSION = YES;
				CLANG_WARN_OBJC_IMPLICIT_RETAIN_SELF = YES;
				CLANG_WARN_OBJC_LITERAL_CONVERSION = YES;
				CLANG_WARN_OBJC_ROOT_CLASS = YES_ERROR;
				CLANG_WARN_QUOTED_INCLUDE_IN_FRAMEWORK_HEADER = YES;
				CLANG_WARN_RANGE_LOOP_ANALYSIS = YES;
				CLANG_WARN_STRICT_PROTOTYPES = YES;
				CLANG_WARN_SUSPICIOUS_MOVE = YES;
				CLANG_WARN_UNGUARDED_AVAILABILITY = YES_AGGRESSIVE;
				CLANG_WARN_UNREACHABLE_CODE = YES;
				CLANG_WARN__DUPLICATE_METHOD_MATCH = YES;
				COPY_PHASE_STRIP = NO;
				DEBUG_INFORMATION_FORMAT = dwarf;
				ENABLE_STRICT_OBJC_MSGSEND = YES;
				ENABLE_TESTABILITY = YES;
				GCC_C_LANGUAGE_STANDARD = gnu11;
				GCC_DYNAMIC_NO_PIC = NO;
				GCC_NO_COMMON_BLOCKS = YES;
				GCC_OPTIMIZATION_LEVEL = 0;
				GCC_PREPROCESSOR_DEFINITIONS = (
					"DEBUG=1",
					"$(inherited)",
				);
				GCC_WARN_64_TO_32_BIT_CONVERSION = YES;
				GCC_WARN_ABOUT_RETURN_TYPE = YES_ERROR;
				GCC_WARN_UNDECLARED_SELECTOR = YES;
				GCC_WARN_UNINITIALIZED_AUTOS = YES_AGGRESSIVE;
				GCC_WARN_UNUSED_FUNCTION = YES;
				GCC_WARN_UNUSED_VARIABLE = YES;
				IPHONEOS_DEPLOYMENT_TARGET = 16.0;
				MTL_ENABLE_DEBUG_INFO = INCLUDE_SOURCE;
				MTL_FAST_MATH = YES;
				ONLY_ACTIVE_ARCH = YES;
				SDKROOT = iphoneos;
				SWIFT_ACTIVE_COMPILATION_CONDITIONS = DEBUG;
				SWIFT_OPTIMIZATION_LEVEL = "-Onone";
			};
			name = Debug;
		};
		71324DD72A4DBF370051C1A8 /* Release */ = {
			isa = XCBuildConfiguration;
			buildSettings = {
				ALWAYS_SEARCH_USER_PATHS = NO;
				CLANG_ANALYZER_NONNULL = YES;
				CLANG_ANALYZER_NUMBER_OBJECT_CONVERSION = YES_AGGRESSIVE;
				CLANG_CXX_LANGUAGE_STANDARD = "gnu++20";
				CLANG_ENABLE_MODULES = YES;
				CLANG_ENABLE_OBJC_ARC = YES;
				CLANG_ENABLE_OBJC_WEAK = YES;
				CLANG_WARN_BLOCK_CAPTURE_AUTORELEASING = YES;
				CLANG_WARN_BOOL_CONVERSION = YES;
				CLANG_WARN_COMMA = YES;
				CLANG_WARN_CONSTANT_CONVERSION = YES;
				CLANG_WARN_DEPRECATED_OBJC_IMPLEMENTATIONS = YES;
				CLANG_WARN_DIRECT_OBJC_ISA_USAGE = YES_ERROR;
				CLANG_WARN_DOCUMENTATION_COMMENTS = YES;
				CLANG_WARN_EMPTY_BODY = YES;
				CLANG_WARN_ENUM_CONVERSION = YES;
				CLANG_WARN_INFINITE_RECURSION = YES;
				CLANG_WARN_INT_CONVERSION = YES;
				CLANG_WARN_NON_LITERAL_NULL_CONVERSION = YES;
				CLANG_WARN_OBJC_IMPLICIT_RETAIN_SELF = YES;
				CLANG_WARN_OBJC_LITERAL_CONVERSION = YES;
				CLANG_WARN_OBJC_ROOT_CLASS = YES_ERROR;
				CLANG_WARN_QUOTED_INCLUDE_IN_FRAMEWORK_HEADER = YES;
				CLANG_WARN_RANGE_LOOP_ANALYSIS = YES;
				CLANG_WARN_STRICT_PROTOTYPES = YES;
				CLANG_WARN_SUSPICIOUS_MOVE = YES;
				CLANG_WARN_UNGUARDED_AVAILABILITY = YES_AGGRESSIVE;
				CLANG_WARN_UNREACHABLE_CODE = YES;
				CLANG_WARN__DUPLICATE_METHOD_MATCH = YES;
				COPY_PHASE_STRIP = NO;
				DEBUG_INFORMATION_FORMAT = "dwarf-with-dsym";
				ENABLE_NS_ASSERTIONS = NO;
				ENABLE_STRICT_OBJC_MSGSEND = YES;
				GCC_C_LANGUAGE_STANDARD = gnu11;
				GCC_NO_COMMON_BLOCKS = YES;
				GCC_WARN_64_TO_32_BIT_CONVERSION = YES;
				GCC_WARN_ABOUT_RETURN_TYPE = YES_ERROR;
				GCC_WARN_UNDECLARED_SELECTOR = YES;
				GCC_WARN_UNINITIALIZED_AUTOS = YES_AGGRESSIVE;
				GCC_WARN_UNUSED_FUNCTION = YES;
				GCC_WARN_UNUSED_VARIABLE = YES;
				IPHONEOS_DEPLOYMENT_TARGET = 16.0;
				MTL_ENABLE_DEBUG_INFO = NO;
				MTL_FAST_MATH = YES;
				SDKROOT = iphoneos;
				SWIFT_COMPILATION_MODE = wholemodule;
				SWIFT_OPTIMIZATION_LEVEL = "-O";
				VALIDATE_PRODUCT = YES;
			};
			name = Release;
		};
		71324DD92A4DBF370051C1A8 /* Debug */ = {
			isa = XCBuildConfiguration;
			buildSettings = {
				ASSETCATALOG_COMPILER_APPICON_NAME = AppIcon;
				ASSETCATALOG_COMPILER_GLOBAL_ACCENT_COLOR_NAME = AccentColor;
				CODE_SIGN_STYLE = Automatic;
				CURRENT_PROJECT_VERSION = 1;
				DEVELOPMENT_TEAM = 8U5JRPA4B7;
				GENERATE_INFOPLIST_FILE = YES;
				INFOPLIST_FILE = WikiCars/SupportingFiles/Info.plist;
				INFOPLIST_KEY_UIApplicationSupportsIndirectInputEvents = YES;
				INFOPLIST_KEY_UILaunchStoryboardName = LaunchScreen;
				INFOPLIST_KEY_UISupportedInterfaceOrientations = UIInterfaceOrientationPortrait;
				INFOPLIST_KEY_UISupportedInterfaceOrientations_iPad = "UIInterfaceOrientationLandscapeLeft UIInterfaceOrientationLandscapeRight UIInterfaceOrientationPortrait UIInterfaceOrientationPortraitUpsideDown";
				IPHONEOS_DEPLOYMENT_TARGET = 16.0;
				LD_RUNPATH_SEARCH_PATHS = (
					"$(inherited)",
					"@executable_path/Frameworks",
				);
				MARKETING_VERSION = 1.0;
				PRODUCT_BUNDLE_IDENTIFIER = PipsNotSolution.WikiCars;
				PRODUCT_NAME = "$(TARGET_NAME)";
				SUPPORTED_PLATFORMS = "iphoneos iphonesimulator";
				SUPPORTS_MACCATALYST = NO;
				SUPPORTS_MAC_DESIGNED_FOR_IPHONE_IPAD = NO;
				SWIFT_EMIT_LOC_STRINGS = YES;
				SWIFT_VERSION = 5.0;
				TARGETED_DEVICE_FAMILY = "1,2";
			};
			name = Debug;
		};
		71324DDA2A4DBF370051C1A8 /* Release */ = {
			isa = XCBuildConfiguration;
			buildSettings = {
				ASSETCATALOG_COMPILER_APPICON_NAME = AppIcon;
				ASSETCATALOG_COMPILER_GLOBAL_ACCENT_COLOR_NAME = AccentColor;
				CODE_SIGN_STYLE = Automatic;
				CURRENT_PROJECT_VERSION = 1;
				DEVELOPMENT_TEAM = 8U5JRPA4B7;
				GENERATE_INFOPLIST_FILE = YES;
				INFOPLIST_FILE = WikiCars/SupportingFiles/Info.plist;
				INFOPLIST_KEY_UIApplicationSupportsIndirectInputEvents = YES;
				INFOPLIST_KEY_UILaunchStoryboardName = LaunchScreen;
				INFOPLIST_KEY_UISupportedInterfaceOrientations = UIInterfaceOrientationPortrait;
				INFOPLIST_KEY_UISupportedInterfaceOrientations_iPad = "UIInterfaceOrientationLandscapeLeft UIInterfaceOrientationLandscapeRight UIInterfaceOrientationPortrait UIInterfaceOrientationPortraitUpsideDown";
				IPHONEOS_DEPLOYMENT_TARGET = 16.0;
				LD_RUNPATH_SEARCH_PATHS = (
					"$(inherited)",
					"@executable_path/Frameworks",
				);
				MARKETING_VERSION = 1.0;
				PRODUCT_BUNDLE_IDENTIFIER = PipsNotSolution.WikiCars;
				PRODUCT_NAME = "$(TARGET_NAME)";
				SUPPORTED_PLATFORMS = "iphoneos iphonesimulator";
				SUPPORTS_MACCATALYST = NO;
				SUPPORTS_MAC_DESIGNED_FOR_IPHONE_IPAD = NO;
				SWIFT_EMIT_LOC_STRINGS = YES;
				SWIFT_VERSION = 5.0;
				TARGETED_DEVICE_FAMILY = "1,2";
			};
			name = Release;
		};
/* End XCBuildConfiguration section */

/* Begin XCConfigurationList section */
		71324DBF2A4DBF340051C1A8 /* Build configuration list for PBXProject "WikiCars" */ = {
			isa = XCConfigurationList;
			buildConfigurations = (
				71324DD62A4DBF370051C1A8 /* Debug */,
				71324DD72A4DBF370051C1A8 /* Release */,
			);
			defaultConfigurationIsVisible = 0;
			defaultConfigurationName = Release;
		};
		71324DD82A4DBF370051C1A8 /* Build configuration list for PBXNativeTarget "WikiCars" */ = {
			isa = XCConfigurationList;
			buildConfigurations = (
				71324DD92A4DBF370051C1A8 /* Debug */,
				71324DDA2A4DBF370051C1A8 /* Release */,
			);
			defaultConfigurationIsVisible = 0;
			defaultConfigurationName = Release;
		};
/* End XCConfigurationList section */
	};
	rootObject = 71324DBC2A4DBF340051C1A8 /* Project object */;
}
